version: 1.8.0
dependencies:
  - name: cert-manager
    repository: oci://quay.io/jetstack/charts
    version: v1.21.2
  - name: cilium
    repository: https://helm.cilium.io
    version: 1.20.2
  - name: gateway-helm
    repository: oci://docker.io/envoyproxy
    version: 1.9.2
digest: sha256:4080062b1a98715a0c4734ab606878a03bd25801c754528cb2746e965ec500d5
generated: "2026-10-01T00:29:28.670021633Z"
