version: 1.8.0
dependencies:
  - name: cert-manager
    repository: oci://quay.io/jetstack/charts
    version: v1.21.2
  - name: cilium
    repository: https://helm.cilium.io
    version: 1.20.2
  - name: gateway-helm
    repository: oci://docker.io/envoyproxy
    version: v1.9.1
digest: sha256:1ee83a30d33cb58cdecda3e16e9769d721c36524442238e166c798c87031b90f
generated: "2026-09-19T01:18:11.816483023Z"
