version: 1.8.0
dependencies:
  - name: cert-manager
    repository: oci://quay.io/jetstack/charts
    version: v1.21.2
  - name: cilium
    repository: https://helm.cilium.io
    version: 1.20.2
  - name: gateway-helm
    repository: oci://docker.io/envoyproxy
    version: 1.9.2
digest: sha256:3941c65bdc4483e345713727780a15329cd1d1829cf3dd64dbae2cecadbbafcb
generated: "2026-10-02T08:13:18.482063987Z"
